
Microsoft Visual Studio Solution File, Format Version 12.00
# Visual Studio Version 16
VisualStudioVersion = 16.0.30114.105
MinimumVisualStudioVersion = 10.0.40219.1
Project("{2150E333-8FDC-42A3-9474-1A3956D46DE8}") = "Domain", "Domain", "{97AC2005-47B8-4A12-AEC0-DE74A51F5819}"
EndProject
Project("{2150E333-8FDC-42A3-9474-1A3956D46DE8}") = "Infra.Bus", "Infra.Bus", "{C65FB832-B480-4641-A2B4-F84D493C46E7}"
EndProject
Project("{2150E333-8FDC-42A3-9474-1A3956D46DE8}") = "Infra.IoC", "Infra.IoC", "{477DDD50-68B6-473E-B945-543E90928C01}"
EndProject
Project("{2150E333-8FDC-42A3-9474-1A3956D46DE8}") = "Microservices", "Microservices", "{98E51B66-2EFF-49D0-B8E0-977226D01F00}"
EndProject
Project("{2150E333-8FDC-42A3-9474-1A3956D46DE8}") = "Presentation", "Presentation", "{A5E73EED-AB75-4E9F-B544-9D49A0A56A22}"
EndProject
Project("{9A19103F-16F7-4668-BE54-9A1E7A4F7556}") = "MicroRabbit.Domain.Core", "MicroRabbit.Domain.Core\MicroRabbit.Domain.Core.csproj", "{1D3449C4-8B36-4674-B4AB-BBC2441021E0}"
EndProject
Project("{9A19103F-16F7-4668-BE54-9A1E7A4F7556}") = "MicroRabbit.Infra.Bus", "MicroRabbit.Infra.Bus\MicroRabbit.Infra.Bus.csproj", "{B0555CEB-2EEA-4544-8806-EB6DF2B49623}"
EndProject
Project("{FAE04EC0-301F-11D3-BF4B-00C04F79EFBC}") = "MicroRabbit.Infra.IoC", "MicroRabbit.Infra.IoC\MicroRabbit.Infra.IoC.csproj", "{B6383BBE-53C3-4A6E-B111-3FF9213E0365}"
EndProject
Project("{2150E333-8FDC-42A3-9474-1A3956D46DE8}") = "Banking", "Banking", "{47414597-C6C9-41D3-89DF-1736D98A37AC}"
EndProject
Project("{2150E333-8FDC-42A3-9474-1A3956D46DE8}") = "Api", "Api", "{A8E845AF-EA82-4316-BBB5-353C83A49458}"
EndProject
Project("{2150E333-8FDC-42A3-9474-1A3956D46DE8}") = "Application", "Application", "{A1B7C1F9-66A5-4680-A914-1A9924EBA682}"
EndProject
Project("{2150E333-8FDC-42A3-9474-1A3956D46DE8}") = "Data", "Data", "{EB7502F0-A7E8-4F7C-BA28-F776AA32716C}"
EndProject
Project("{2150E333-8FDC-42A3-9474-1A3956D46DE8}") = "Domain", "Domain", "{F873122F-C8E1-4DA3-85C1-A6BCD8D3E410}"
EndProject
Project("{FAE04EC0-301F-11D3-BF4B-00C04F79EFBC}") = "MicroRabbit.Banking.Api", "MicroRabbit.Banking.Api\MicroRabbit.Banking.Api.csproj", "{26BC4D15-8A25-487B-A481-365B83DDA006}"
EndProject
Project("{FAE04EC0-301F-11D3-BF4B-00C04F79EFBC}") = "MicroRabbit.Banking.Application", "MicroRabbit.Banking.Application\MicroRabbit.Banking.Application.csproj", "{BD24580C-4598-4790-8B93-D41DFC459706}"
EndProject
Project("{FAE04EC0-301F-11D3-BF4B-00C04F79EFBC}") = "MicroRabbit.Banking.Data", "MicroRabbit.Banking.Data\MicroRabbit.Banking.Data.csproj", "{34B6532C-9A35-4C4E-8C71-9D234CCF96A3}"
EndProject
Project("{FAE04EC0-301F-11D3-BF4B-00C04F79EFBC}") = "MicroRabbit.Banking.Domain", "MicroRabbit.Banking.Domain\MicroRabbit.Banking.Domain.csproj", "{33CCC4AE-4592-4B63-B019-A5B8CB62A2FF}"
EndProject
Global
	GlobalSection(SolutionConfigurationPlatforms) = preSolution
		Debug|Any CPU = Debug|Any CPU
		Release|Any CPU = Release|Any CPU
	EndGlobalSection
	GlobalSection(ProjectConfigurationPlatforms) = postSolution
		{1D3449C4-8B36-4674-B4AB-BBC2441021E0}.Debug|Any CPU.ActiveCfg = Debug|Any CPU
		{1D3449C4-8B36-4674-B4AB-BBC2441021E0}.Debug|Any CPU.Build.0 = Debug|Any CPU
		{1D3449C4-8B36-4674-B4AB-BBC2441021E0}.Release|Any CPU.ActiveCfg = Release|Any CPU
		{1D3449C4-8B36-4674-B4AB-BBC2441021E0}.Release|Any CPU.Build.0 = Release|Any CPU
		{B0555CEB-2EEA-4544-8806-EB6DF2B49623}.Debug|Any CPU.ActiveCfg = Debug|Any CPU
		{B0555CEB-2EEA-4544-8806-EB6DF2B49623}.Debug|Any CPU.Build.0 = Debug|Any CPU
		{B0555CEB-2EEA-4544-8806-EB6DF2B49623}.Release|Any CPU.ActiveCfg = Release|Any CPU
		{B0555CEB-2EEA-4544-8806-EB6DF2B49623}.Release|Any CPU.Build.0 = Release|Any CPU
		{B6383BBE-53C3-4A6E-B111-3FF9213E0365}.Debug|Any CPU.ActiveCfg = Debug|Any CPU
		{B6383BBE-53C3-4A6E-B111-3FF9213E0365}.Debug|Any CPU.Build.0 = Debug|Any CPU
		{B6383BBE-53C3-4A6E-B111-3FF9213E0365}.Release|Any CPU.ActiveCfg = Release|Any CPU
		{B6383BBE-53C3-4A6E-B111-3FF9213E0365}.Release|Any CPU.Build.0 = Release|Any CPU
		{26BC4D15-8A25-487B-A481-365B83DDA006}.Debug|Any CPU.ActiveCfg = Debug|Any CPU
		{26BC4D15-8A25-487B-A481-365B83DDA006}.Debug|Any CPU.Build.0 = Debug|Any CPU
		{26BC4D15-8A25-487B-A481-365B83DDA006}.Release|Any CPU.ActiveCfg = Release|Any CPU
		{26BC4D15-8A25-487B-A481-365B83DDA006}.Release|Any CPU.Build.0 = Release|Any CPU
		{BD24580C-4598-4790-8B93-D41DFC459706}.Debug|Any CPU.ActiveCfg = Debug|Any CPU
		{BD24580C-4598-4790-8B93-D41DFC459706}.Debug|Any CPU.Build.0 = Debug|Any CPU
		{BD24580C-4598-4790-8B93-D41DFC459706}.Release|Any CPU.ActiveCfg = Release|Any CPU
		{BD24580C-4598-4790-8B93-D41DFC459706}.Release|Any CPU.Build.0 = Release|Any CPU
		{34B6532C-9A35-4C4E-8C71-9D234CCF96A3}.Debug|Any CPU.ActiveCfg = Debug|Any CPU
		{34B6532C-9A35-4C4E-8C71-9D234CCF96A3}.Debug|Any CPU.Build.0 = Debug|Any CPU
		{34B6532C-9A35-4C4E-8C71-9D234CCF96A3}.Release|Any CPU.ActiveCfg = Release|Any CPU
		{34B6532C-9A35-4C4E-8C71-9D234CCF96A3}.Release|Any CPU.Build.0 = Release|Any CPU
		{33CCC4AE-4592-4B63-B019-A5B8CB62A2FF}.Debug|Any CPU.ActiveCfg = Debug|Any CPU
		{33CCC4AE-4592-4B63-B019-A5B8CB62A2FF}.Debug|Any CPU.Build.0 = Debug|Any CPU
		{33CCC4AE-4592-4B63-B019-A5B8CB62A2FF}.Release|Any CPU.ActiveCfg = Release|Any CPU
		{33CCC4AE-4592-4B63-B019-A5B8CB62A2FF}.Release|Any CPU.Build.0 = Release|Any CPU
	EndGlobalSection
	GlobalSection(SolutionProperties) = preSolution
		HideSolutionNode = FALSE
	EndGlobalSection
	GlobalSection(NestedProjects) = preSolution
		{1D3449C4-8B36-4674-B4AB-BBC2441021E0} = {97AC2005-47B8-4A12-AEC0-DE74A51F5819}
		{B0555CEB-2EEA-4544-8806-EB6DF2B49623} = {C65FB832-B480-4641-A2B4-F84D493C46E7}
		{B6383BBE-53C3-4A6E-B111-3FF9213E0365} = {477DDD50-68B6-473E-B945-543E90928C01}
		{47414597-C6C9-41D3-89DF-1736D98A37AC} = {98E51B66-2EFF-49D0-B8E0-977226D01F00}
		{A8E845AF-EA82-4316-BBB5-353C83A49458} = {47414597-C6C9-41D3-89DF-1736D98A37AC}
		{A1B7C1F9-66A5-4680-A914-1A9924EBA682} = {47414597-C6C9-41D3-89DF-1736D98A37AC}
		{EB7502F0-A7E8-4F7C-BA28-F776AA32716C} = {47414597-C6C9-41D3-89DF-1736D98A37AC}
		{F873122F-C8E1-4DA3-85C1-A6BCD8D3E410} = {47414597-C6C9-41D3-89DF-1736D98A37AC}
		{26BC4D15-8A25-487B-A481-365B83DDA006} = {A8E845AF-EA82-4316-BBB5-353C83A49458}
		{BD24580C-4598-4790-8B93-D41DFC459706} = {A1B7C1F9-66A5-4680-A914-1A9924EBA682}
		{34B6532C-9A35-4C4E-8C71-9D234CCF96A3} = {EB7502F0-A7E8-4F7C-BA28-F776AA32716C}
		{33CCC4AE-4592-4B63-B019-A5B8CB62A2FF} = {F873122F-C8E1-4DA3-85C1-A6BCD8D3E410}
	EndGlobalSection
	GlobalSection(ExtensibilityGlobals) = postSolution
		SolutionGuid = {4D91A0A1-55E0-4972-A387-F33F24062861}
	EndGlobalSection
EndGlobal
